
Microsoft Visual Studio Solution File, Format Version 12.00
# Visual Studio Version 17
VisualStudioVersion = 17.9.34518.117
MinimumVisualStudioVersion = 10.0.40219.1
Project("{FAE04EC0-301F-11D3-BF4B-00C04F79EFBC}") = "Calculator", "Calculator\Calculator.csproj", "{B2ADBD02-4960-4EB8-8A79-C22093080BC9}"
EndProject
Global
	GlobalSection(SolutionConfigurationPlatforms) = preSolution
		Debug|Any CPU = Debug|Any CPU
		Release|Any CPU = Release|Any CPU
	EndGlobalSection
	GlobalSection(ProjectConfigurationPlatforms) = postSolution
		{B2ADBD02-4960-4EB8-8A79-C22093080BC9}.Debug|Any CPU.ActiveCfg = Debug|Any CPU
		{B2ADBD02-4960-4EB8-8A79-C22093080BC9}.Debug|Any CPU.Build.0 = Debug|Any CPU
		{B2ADBD02-4960-4EB8-8A79-C22093080BC9}.Release|Any CPU.ActiveCfg = Release|Any CPU
		{B2ADBD02-4960-4EB8-8A79-C22093080BC9}.Release|Any CPU.Build.0 = Release|Any CPU
	EndGlobalSection
	GlobalSection(SolutionProperties) = preSolution
		HideSolutionNode = FALSE
	EndGlobalSection
	GlobalSection(ExtensibilityGlobals) = postSolution
		SolutionGuid = {268AB089-1F82-4701-829C-3CC8C6D39AFC}
	EndGlobalSection
EndGlobal
